
Microsoft Visual Studio Solution File, Format Version 12.00
# Visual Studio 14
VisualStudioVersion = 14.0.25420.1
MinimumVisualStudioVersion = 10.0.40219.1
Project("{FAE04EC0-301F-11D3-BF4B-00C04F79EFBC}") = "galleria", "galleria\galleria.csproj", "{C2535A73-21E9-4F77-B8AB-6F5DE4F6E7ED}"
EndProject
Global
	GlobalSection(SolutionConfigurationPlatforms) = preSolution
		Debug|Any CPU = Debug|Any CPU
		Release|Any CPU = Release|Any CPU
	EndGlobalSection
	GlobalSection(ProjectConfigurationPlatforms) = postSolution
		{C2535A73-21E9-4F77-B8AB-6F5DE4F6E7ED}.Debug|Any CPU.ActiveCfg = Debug|Any CPU
		{C2535A73-21E9-4F77-B8AB-6F5DE4F6E7ED}.Debug|Any CPU.Build.0 = Debug|Any CPU
		{C2535A73-21E9-4F77-B8AB-6F5DE4F6E7ED}.Release|Any CPU.ActiveCfg = Release|Any CPU
		{C2535A73-21E9-4F77-B8AB-6F5DE4F6E7ED}.Release|Any CPU.Build.0 = Release|Any CPU
	EndGlobalSection
	GlobalSection(SolutionProperties) = preSolution
		HideSolutionNode = FALSE
	EndGlobalSection
EndGlobal
